// !$*UTF8*$!
{
	archiveVersion = 1;
	classes = {
	};
	objectVersion = 55;
	objects = {

/* Begin PBXBuildFile section */
		EBC6E41D28C04D8D0089637E /* AppDelegate.swift in Sources */ = {isa = PBXBuildFile; fileRef = EBC6E41C28C04D8D0089637E /* AppDelegate.swift */; };
		EBC6E41F28C04D8D0089637E /* SceneDelegate.swift in Sources */ = {isa = PBXBuildFile; fileRef = EBC6E41E28C04D8D0089637E /* SceneDelegate.swift */; };
		EBC6E42128C04D8D0089637E /* ViewController.swift in Sources */ = {isa = PBXBuildFile; fileRef = EBC6E42028C04D8D0089637E /* ViewController.swift */; };
		EBC6E42428C04D8D0089637E /* Main.storyboard in Resources */ = {isa = PBXBuildFile; fileRef = EBC6E42228C04D8D0089637E /* Main.storyboard */; };
		EBC6E42628C04D8F0089637E /* Assets.xcassets in Resources */ = {isa = PBXBuildFile; fileRef = EBC6E42528C04D8F0089637E /* Assets.xcassets */; };
		EBC6E42928C04D8F0089637E /* LaunchScreen.storyboard in Resources */ = {isa = PBXBuildFile; fileRef = EBC6E42728C04D8F0089637E /* LaunchScreen.storyboard */; };
		EBC6E43228C054980089637E /* FirebaseFirestore in Frameworks */ = {isa = PBXBuildFile; productRef = EBC6E43128C054980089637E /* FirebaseFirestore */; };
		EBC6E43428C054BE0089637E /* GoogleService-Info.plist in Resources */ = {isa = PBXBuildFile; fileRef = EBC6E43328C054BE0089637E /* GoogleService-Info.plist */; };
/* End PBXBuildFile section */

/* Begin PBXFileReference section */
		EBC6E41928C04D8D0089637E /* HighscoreRenda.app */ = {isa = PBXFileReference; explicitFileType = wrapper.application; includeInIndex = 0; path = HighscoreRenda.app; sourceTree = BUILT_PRODUCTS_DIR; };
		EBC6E41C28C04D8D0089637E /* AppDelegate.swift */ = {isa = PBXFileReference; lastKnownFileType = sourcecode.swift; path = AppDelegate.swift; sourceTree = "<group>"; };
		EBC6E41E28C04D8D0089637E /* SceneDelegate.swift */ = {isa = PBXFileReference; lastKnownFileType = sourcecode.swift; path = SceneDelegate.swift; sourceTree = "<group>"; };
		EBC6E42028C04D8D0089637E /* ViewController.swift */ = {isa = PBXFileReference; lastKnownFileType = sourcecode.swift; path = ViewController.swift; sourceTree = "<group>"; };
		EBC6E42328C04D8D0089637E /* Base */ = {isa = PBXFileReference; lastKnownFileType = file.storyboard; name = Base; path = Base.lproj/Main.storyboard; sourceTree = "<group>"; };
		EBC6E42528C04D8F0089637E /* Assets.xcassets */ = {isa = PBXFileReference; lastKnownFileType = folder.assetcatalog; path = Assets.xcassets; sourceTree = "<group>"; };
		EBC6E42828C04D8F0089637E /* Base */ = {isa = PBXFileReference; lastKnownFileType = file.storyboard; name = Base; path = Base.lproj/LaunchScreen.storyboard; sourceTree = "<group>"; };
		EBC6E42A28C04D8F0089637E /* Info.plist */ = {isa = PBXFileReference; lastKnownFileType = text.plist.xml; path = Info.plist; sourceTree = "<group>"; };
		EBC6E43328C054BE0089637E /* GoogleService-Info.plist */ = {isa = PBXFileReference; fileEncoding = 4; lastKnownFileType = text.plist.xml; path = "GoogleService-Info.plist"; sourceTree = "<group>"; };
/* End PBXFileReference section */

/* Begin PBXFrameworksBuildPhase section */
		EBC6E41628C04D8D0089637E /* Frameworks */ = {
			isa = PBXFrameworksBuildPhase;
			buildActionMask = 2147483647;
			files = (
				EBC6E43228C054980089637E /* FirebaseFirestore in Frameworks */,
			);
			runOnlyForDeploymentPostprocessing = 0;
		};
/* End PBXFrameworksBuildPhase section */

/* Begin PBXGroup section */
		EBC6E41028C04D8D0089637E = {
			isa = PBXGroup;
			children = (
				EBC6E41B28C04D8D0089637E /* HighscoreRenda */,
				EBC6E41A28C04D8D0089637E /* Products */,
			);
			sourceTree = "<group>";
		};
		EBC6E41A28C04D8D0089637E /* Products */ = {
			isa = PBXGroup;
			children = (
				EBC6E41928C04D8D0089637E /* HighscoreRenda.app */,
			);
			name = Products;
			sourceTree = "<group>";
		};
		EBC6E41B28C04D8D0089637E /* HighscoreRenda */ = {
			isa = PBXGroup;
			children = (
				EBC6E41C28C04D8D0089637E /* AppDelegate.swift */,
				EBC6E41E28C04D8D0089637E /* SceneDelegate.swift */,
				EBC6E42028C04D8D0089637E /* ViewController.swift */,
				EBC6E42228C04D8D0089637E /* Main.storyboard */,
				EBC6E42528C04D8F0089637E /* Assets.xcassets */,
				EBC6E42728C04D8F0089637E /* LaunchScreen.storyboard */,
				EBC6E42A28C04D8F0089637E /* Info.plist */,
				EBC6E43328C054BE0089637E /* GoogleService-Info.plist */,
			);
			path = HighscoreRenda;
			sourceTree = "<group>";
		};
/* End PBXGroup section */

/* Begin PBXNativeTarget section */
		EBC6E41828C04D8D0089637E /* HighscoreRenda */ = {
			isa = PBXNativeTarget;
			buildConfigurationList = EBC6E42D28C04D8F0089637E /* Build configuration list for PBXNativeTarget "HighscoreRenda" */;
			buildPhases = (
				EBC6E41528C04D8D0089637E /* Sources */,
				EBC6E41628C04D8D0089637E /* Frameworks */,
				EBC6E41728C04D8D0089637E /* Resources */,
			);
			buildRules = (
			);
			dependencies = (
			);
			name = HighscoreRenda;
			packageProductDependencies = (
				EBC6E43128C054980089637E /* FirebaseFirestore */,
			);
			productName = HighscoreRenda;
			productReference = EBC6E41928C04D8D0089637E /* HighscoreRenda.app */;
			productType = "com.apple.product-type.application";
		};
/* End PBXNativeTarget section */

/* Begin PBXProject section */
		EBC6E41128C04D8D0089637E /* Project object */ = {
			isa = PBXProject;
			attributes = {
				BuildIndependentTargetsInParallel = 1;
				LastSwiftUpdateCheck = 1340;
				LastUpgradeCheck = 1340;
				TargetAttributes = {
					EBC6E41828C04D8D0089637E = {
						CreatedOnToolsVersion = 13.4.1;
					};
				};
			};
			buildConfigurationList = EBC6E41428C04D8D0089637E /* Build configuration list for PBXProject "HighscoreRenda" */;
			compatibilityVersion = "Xcode 13.0";
			developmentRegion = en;
			hasScannedForEncodings = 0;
			knownRegions = (
				en,
				Base,
			);
			mainGroup = EBC6E41028C04D8D0089637E;
			packageReferences = (
				EBC6E43028C054980089637E /* XCRemoteSwiftPackageReference "firebase-ios-sdk" */,
			);
			productRefGroup = EBC6E41A28C04D8D0089637E /* Products */;
			projectDirPath = "";
			projectRoot = "";
			targets = (
				EBC6E41828C04D8D0089637E /* HighscoreRenda */,
			);
		};
/* End PBXProject section */

/* Begin PBXResourcesBuildPhase section */
		EBC6E41728C04D8D0089637E /* Resources */ = {
			isa = PBXResourcesBuildPhase;
			buildActionMask = 2147483647;
			files = (
				EBC6E42928C04D8F0089637E /* LaunchScreen.storyboard in Resources */,
				EBC6E43428C054BE0089637E /* GoogleService-Info.plist in Resources */,
				EBC6E42628C04D8F0089637E /* Assets.xcassets in Resources */,
				EBC6E42428C04D8D0089637E /* Main.storyboard in Resources */,
			);
			runOnlyForDeploymentPostprocessing = 0;
		};
/* End PBXResourcesBuildPhase section */

/* Begin PBXSourcesBuildPhase section */
		EBC6E41528C04D8D0089637E /* Sources */ = {
			isa = PBXSourcesBuildPhase;
			buildActionMask = 2147483647;
			files = (
				EBC6E42128C04D8D0089637E /* ViewController.swift in Sources */,
				EBC6E41D28C04D8D0089637E /* AppDelegate.swift in Sources */,
				EBC6E41F28C04D8D0089637E /* SceneDelegate.swift in Sources */,
			);
			runOnlyForDeploymentPostprocessing = 0;
		};
/* End PBXSourcesBuildPhase section */

/* Begin PBXVariantGroup section */
		EBC6E42228C04D8D0089637E /* Main.storyboard */ = {
			isa = PBXVariantGroup;
			children = (
				EBC6E42328C04D8D0089637E /* Base */,
			);
			name = Main.storyboard;
			sourceTree = "<group>";
		};
		EBC6E42728C04D8F0089637E /* LaunchScreen.storyboard */ = {
			isa = PBXVariantGroup;
			children = (
				EBC6E42828C04D8F0089637E /* Base */,
			);
			name = LaunchScreen.storyboard;
			sourceTree = "<group>";
		};
/* End PBXVariantGroup section */

/* Begin XCBuildConfiguration section */
		EBC6E42B28C04D8F0089637E /* Debug */ = {
			isa = XCBuildConfiguration;
			buildSettings = {
				ALWAYS_SEARCH_USER_PATHS = NO;
				CLANG_ANALYZER_NONNULL = YES;
				CLANG_ANALYZER_NUMBER_OBJECT_CONVERSION = YES_AGGRESSIVE;
				CLANG_CXX_LANGUAGE_STANDARD = "gnu++17";
				CLANG_ENABLE_MODULES = YES;
				CLANG_ENABLE_OBJC_ARC = YES;
				CLANG_ENABLE_OBJC_WEAK = YES;
				CLANG_WARN_BLOCK_CAPTURE_AUTORELEASING = YES;
				CLANG_WARN_BOOL_CONVERSION = YES;
				CLANG_WARN_COMMA = YES;
				CLANG_WARN_CONSTANT_CONVERSION = YES;
				CLANG_WARN_DEPRECATED_OBJC_IMPLEMENTATIONS = YES;
				CLANG_WARN_DIRECT_OBJC_ISA_USAGE = YES_ERROR;
				CLANG_WARN_DOCUMENTATION_COMMENTS = YES;
				CLANG_WARN_EMPTY_BODY = YES;
				CLANG_WARN_ENUM_CONVERSION = YES;
				CLANG_WARN_INFINITE_RECURSION = YES;
				CLANG_WARN_INT_CONVERSION = YES;
				CLANG_WARN_NON_LITERAL_NULL_CONVERSION = YES;
				CLANG_WARN_OBJC_IMPLICIT_RETAIN_SELF = YES;
				CLANG_WARN_OBJC_LITERAL_CONVERSION = YES;
				CLANG_WARN_OBJC_ROOT_CLASS = YES_ERROR;
				CLANG_WARN_QUOTED_INCLUDE_IN_FRAMEWORK_HEADER = YES;
				CLANG_WARN_RANGE_LOOP_ANALYSIS = YES;
				CLANG_WARN_STRICT_PROTOTYPES = YES;
				CLANG_WARN_SUSPICIOUS_MOVE = YES;
				CLANG_WARN_UNGUARDED_AVAILABILITY = YES_AGGRESSIVE;
				CLANG_WARN_UNREACHABLE_CODE = YES;
				CLANG_WARN__DUPLICATE_METHOD_MATCH = YES;
				COPY_PHASE_STRIP = NO;
				DEBUG_INFORMATION_FORMAT = dwarf;
				ENABLE_STRICT_OBJC_MSGSEND = YES;
				ENABLE_TESTABILITY = YES;
				GCC_C_LANGUAGE_STANDARD = gnu11;
				GCC_DYNAMIC_NO_PIC = NO;
				GCC_NO_COMMON_BLOCKS = YES;
				GCC_OPTIMIZATION_LEVEL = 0;
				GCC_PREPROCESSOR_DEFINITIONS = (
					"DEBUG=1",
					"$(inherited)",
				);
				GCC_WARN_64_TO_32_BIT_CONVERSION = YES;
				GCC_WARN_ABOUT_RETURN_TYPE = YES_ERROR;
				GCC_WARN_UNDECLARED_SELECTOR = YES;
				GCC_WARN_UNINITIALIZED_AUTOS = YES_AGGRESSIVE;
				GCC_WARN_UNUSED_FUNCTION = YES;
				GCC_WARN_UNUSED_VARIABLE = YES;
				IPHONEOS_DEPLOYMENT_TARGET = 15.5;
				MTL_ENABLE_DEBUG_INFO = INCLUDE_SOURCE;
				MTL_FAST_MATH = YES;
				ONLY_ACTIVE_ARCH = YES;
				SDKROOT = iphoneos;
				SWIFT_ACTIVE_COMPILATION_CONDITIONS = DEBUG;
				SWIFT_OPTIMIZATION_LEVEL = "-Onone";
			};
			name = Debug;
		};
		EBC6E42C28C04D8F0089637E /* Release */ = {
			isa = XCBuildConfiguration;
			buildSettings = {
				ALWAYS_SEARCH_USER_PATHS = NO;
				CLANG_ANALYZER_NONNULL = YES;
				CLANG_ANALYZER_NUMBER_OBJECT_CONVERSION = YES_AGGRESSIVE;
				CLANG_CXX_LANGUAGE_STANDARD = "gnu++17";
				CLANG_ENABLE_MODULES = YES;
				CLANG_ENABLE_OBJC_ARC = YES;
				CLANG_ENABLE_OBJC_WEAK = YES;
				CLANG_WARN_BLOCK_CAPTURE_AUTORELEASING = YES;
				CLANG_WARN_BOOL_CONVERSION = YES;
				CLANG_WARN_COMMA = YES;
				CLANG_WARN_CONSTANT_CONVERSION = YES;
				CLANG_WARN_DEPRECATED_OBJC_IMPLEMENTATIONS = YES;
				CLANG_WARN_DIRECT_OBJC_ISA_USAGE = YES_ERROR;
				CLANG_WARN_DOCUMENTATION_COMMENTS = YES;
				CLANG_WARN_EMPTY_BODY = YES;
				CLANG_WARN_ENUM_CONVERSION = YES;
				CLANG_WARN_INFINITE_RECURSION = YES;
				CLANG_WARN_INT_CONVERSION = YES;
				CLANG_WARN_NON_LITERAL_NULL_CONVERSION = YES;
				CLANG_WARN_OBJC_IMPLICIT_RETAIN_SELF = YES;
				CLANG_WARN_OBJC_LITERAL_CONVERSION = YES;
				CLANG_WARN_OBJC_ROOT_CLASS = YES_ERROR;
				CLANG_WARN_QUOTED_INCLUDE_IN_FRAMEWORK_HEADER = YES;
				CLANG_WARN_RANGE_LOOP_ANALYSIS = YES;
				CLANG_WARN_STRICT_PROTOTYPES = YES;
				CLANG_WARN_SUSPICIOUS_MOVE = YES;
				CLANG_WARN_UNGUARDED_AVAILABILITY = YES_AGGRESSIVE;
				CLANG_WARN_UNREACHABLE_CODE = YES;
				CLANG_WARN__DUPLICATE_METHOD_MATCH = YES;
				COPY_PHASE_STRIP = NO;
				DEBUG_INFORMATION_FORMAT = "dwarf-with-dsym";
				ENABLE_NS_ASSERTIONS = NO;
				ENABLE_STRICT_OBJC_MSGSEND = YES;
				GCC_C_LANGUAGE_STANDARD = gnu11;
				GCC_NO_COMMON_BLOCKS = YES;
				GCC_WARN_64_TO_32_BIT_CONVERSION = YES;
				GCC_WARN_ABOUT_RETURN_TYPE = YES_ERROR;
				GCC_WARN_UNDECLARED_SELECTOR = YES;
				GCC_WARN_UNINITIALIZED_AUTOS = YES_AGGRESSIVE;
				GCC_WARN_UNUSED_FUNCTION = YES;
				GCC_WARN_UNUSED_VARIABLE = YES;
				IPHONEOS_DEPLOYMENT_TARGET = 15.5;
				MTL_ENABLE_DEBUG_INFO = NO;
				MTL_FAST_MATH = YES;
				SDKROOT = iphoneos;
				SWIFT_COMPILATION_MODE = wholemodule;
				SWIFT_OPTIMIZATION_LEVEL = "-O";
				VALIDATE_PRODUCT = YES;
			};
			name = Release;
		};
		EBC6E42E28C04D8F0089637E /* Debug */ = {
			isa = XCBuildConfiguration;
			buildSettings = {
				ASSETCATALOG_COMPILER_APPICON_NAME = AppIcon;
				ASSETCATALOG_COMPILER_GLOBAL_ACCENT_COLOR_NAME = AccentColor;
				CODE_SIGN_STYLE = Automatic;
				CURRENT_PROJECT_VERSION = 1;
				GENERATE_INFOPLIST_FILE = YES;
				INFOPLIST_FILE = HighscoreRenda/Info.plist;
				INFOPLIST_KEY_UIApplicationSupportsIndirectInputEvents = YES;
				INFOPLIST_KEY_UILaunchStoryboardName = LaunchScreen;
				INFOPLIST_KEY_UIMainStoryboardFile = Main;
				INFOPLIST_KEY_UISupportedInterfaceOrientations_iPad = "UIInterfaceOrientationPortrait UIInterfaceOrientationPortraitUpsideDown UIInterfaceOrientationLandscapeLeft UIInterfaceOrientationLandscapeRight";
				INFOPLIST_KEY_UISupportedInterfaceOrientations_iPhone = "UIInterfaceOrientationPortrait UIInterfaceOrientationLandscapeLeft UIInterfaceOrientationLandscapeRight";
				LD_RUNPATH_SEARCH_PATHS = (
					"$(inherited)",
					"@executable_path/Frameworks",
				);
				MARKETING_VERSION = 1.0;
				PRODUCT_BUNDLE_IDENTIFIER = app.watanabe.soi.HighscoreRenda;
				PRODUCT_NAME = "$(TARGET_NAME)";
				SWIFT_EMIT_LOC_STRINGS = YES;
				SWIFT_VERSION = 5.0;
				TARGETED_DEVICE_FAMILY = "1,2";
			};
			name = Debug;
		};
		EBC6E42F28C04D8F0089637E /* Release */ = {
			isa = XCBuildConfiguration;
			buildSettings = {
				ASSETCATALOG_COMPILER_APPICON_NAME = AppIcon;
				ASSETCATALOG_COMPILER_GLOBAL_ACCENT_COLOR_NAME = AccentColor;
				CODE_SIGN_STYLE = Automatic;
				CURRENT_PROJECT_VERSION = 1;
				GENERATE_INFOPLIST_FILE = YES;
				INFOPLIST_FILE = HighscoreRenda/Info.plist;
				INFOPLIST_KEY_UIApplicationSupportsIndirectInputEvents = YES;
				INFOPLIST_KEY_UILaunchStoryboardName = LaunchScreen;
				INFOPLIST_KEY_UIMainStoryboardFile = Main;
				INFOPLIST_KEY_UISupportedInterfaceOrientations_iPad = "UIInterfaceOrientationPortrait UIInterfaceOrientationPortraitUpsideDown UIInterfaceOrientationLandscapeLeft UIInterfaceOrientationLandscapeRight";
				INFOPLIST_KEY_UISupportedInterfaceOrientations_iPhone = "UIInterfaceOrientationPortrait UIInterfaceOrientationLandscapeLeft UIInterfaceOrientationLandscapeRight";
				LD_RUNPATH_SEARCH_PATHS = (
					"$(inherited)",
					"@executable_path/Frameworks",
				);
				MARKETING_VERSION = 1.0;
				PRODUCT_BUNDLE_IDENTIFIER = app.watanabe.soi.HighscoreRenda;
				PRODUCT_NAME = "$(TARGET_NAME)";
				SWIFT_EMIT_LOC_STRINGS = YES;
				SWIFT_VERSION = 5.0;
				TARGETED_DEVICE_FAMILY = "1,2";
			};
			name = Release;
		};
/* End XCBuildConfiguration section */

/* Begin XCConfigurationList section */
		EBC6E41428C04D8D0089637E /* Build configuration list for PBXProject "HighscoreRenda" */ = {
			isa = XCConfigurationList;
			buildConfigurations = (
				EBC6E42B28C04D8F0089637E /* Debug */,
				EBC6E42C28C04D8F0089637E /* Release */,
			);
			defaultConfigurationIsVisible = 0;
			defaultConfigurationName = Release;
		};
		EBC6E42D28C04D8F0089637E /* Build configuration list for PBXNativeTarget "HighscoreRenda" */ = {
			isa = XCConfigurationList;
			buildConfigurations = (
				EBC6E42E28C04D8F0089637E /* Debug */,
				EBC6E42F28C04D8F0089637E /* Release */,
			);
			defaultConfigurationIsVisible = 0;
			defaultConfigurationName = Release;
		};
/* End XCConfigurationList section */

/* Begin XCRemoteSwiftPackageReference section */
		EBC6E43028C054980089637E /* XCRemoteSwiftPackageReference "firebase-ios-sdk" */ = {
			isa = XCRemoteSwiftPackageReference;
			repositoryURL = "https://github.com/firebase/firebase-ios-sdk.git";
			requirement = {
				branch = master;
				kind = branch;
			};
		};
/* End XCRemoteSwiftPackageReference section */

/* Begin XCSwiftPackageProductDependency section */
		EBC6E43128C054980089637E /* FirebaseFirestore */ = {
			isa = XCSwiftPackageProductDependency;
			package = EBC6E43028C054980089637E /* XCRemoteSwiftPackageReference "firebase-ios-sdk" */;
			productName = FirebaseFirestore;
		};
/* End XCSwiftPackageProductDependency section */
	};
	rootObject = EBC6E41128C04D8D0089637E /* Project object */;
}
